payload:
- DOMAIN-SUFFIX,dajiyuan.com
- DOMAIN-SUFFIX,epochtimes.com
- DOMAIN-SUFFIX,falundafa.org
- DOMAIN-SUFFIX,fgmtv.org
- DOMAIN-SUFFIX,guangming.org
- DOMAIN-SUFFIX,mhradio.org
- DOMAIN-SUFFIX,minghui.org
- DOMAIN-SUFFIX,ntdtv.com
- DOMAIN-SUFFIX,shenyun.com
- DOMAIN-SUFFIX,shenyunperformingarts.org
- DOMAIN-SUFFIX,soundofhope.org
- DOMAIN-SUFFIX,tiantibooks.org
- DOMAIN-SUFFIX,tuidang.org
- DOMAIN-SUFFIX,xinsheng.net
- DOMAIN-SUFFIX,yuanming.net
- DOMAIN-SUFFIX,zhengjian.org
- DOMAIN-SUFFIX,zhengwunet.org
- DOMAIN-SUFFIX,zhuichaguoji.org